
Microsoft Visual Studio Solution File, Format Version 12.00
# Visual Studio Version 17
VisualStudioVersion = 17.13.35806.99
MinimumVisualStudioVersion = 10.0.40219.1
Project("{FAE04EC0-301F-11D3-BF4B-00C04F79EFBC}") = "WindowsFormsApp4", "WindowsFormsApp4\WindowsFormsApp4.csproj", "{B651B2AC-F790-4990-85F7-6E6ECDF66C2C}"
EndProject
Global
	GlobalSection(SolutionConfigurationPlatforms) = preSolution
		Debug|Any CPU = Debug|Any CPU
		Release|Any CPU = Release|Any CPU
	EndGlobalSection
	GlobalSection(ProjectConfigurationPlatforms) = postSolution
		{B651B2AC-F790-4990-85F7-6E6ECDF66C2C}.Debug|Any CPU.ActiveCfg = Debug|Any CPU
		{B651B2AC-F790-4990-85F7-6E6ECDF66C2C}.Debug|Any CPU.Build.0 = Debug|Any CPU
		{B651B2AC-F790-4990-85F7-6E6ECDF66C2C}.Release|Any CPU.ActiveCfg = Release|Any CPU
		{B651B2AC-F790-4990-85F7-6E6ECDF66C2C}.Release|Any CPU.Build.0 = Release|Any CPU
	EndGlobalSection
	GlobalSection(SolutionProperties) = preSolution
		HideSolutionNode = FALSE
	EndGlobalSection
	GlobalSection(ExtensibilityGlobals) = postSolution
		SolutionGuid = {6814552F-5D5C-4451-9C19-1BC5F8737666}
	EndGlobalSection
EndGlobal
